
Microsoft Visual Studio Solution File, Format Version 12.00
# Visual Studio Version 17
VisualStudioVersion = 17.10.34928.147
MinimumVisualStudioVersion = 10.0.40219.1
Project("{FAE04EC0-301F-11D3-BF4B-00C04F79EFBC}") = "BackEndTheme", "BackEndTheme.csproj", "{A036A686-B03D-41AF-9750-F2B16E055535}"
EndProject
Global
	GlobalSection(SolutionConfigurationPlatforms) = preSolution
		Debug|Any CPU = Debug|Any CPU
		Release|Any CPU = Release|Any CPU
	EndGlobalSection
	GlobalSection(ProjectConfigurationPlatforms) = postSolution
		{A036A686-B03D-41AF-9750-F2B16E055535}.Debug|Any CPU.ActiveCfg = Debug|Any CPU
		{A036A686-B03D-41AF-9750-F2B16E055535}.Debug|Any CPU.Build.0 = Debug|Any CPU
		{A036A686-B03D-41AF-9750-F2B16E055535}.Release|Any CPU.ActiveCfg = Release|Any CPU
		{A036A686-B03D-41AF-9750-F2B16E055535}.Release|Any CPU.Build.0 = Release|Any CPU
	EndGlobalSection
	GlobalSection(SolutionProperties) = preSolution
		HideSolutionNode = FALSE
	EndGlobalSection
	GlobalSection(ExtensibilityGlobals) = postSolution
		SolutionGuid = {36C2EC49-9AAA-4C33-A4C7-B8F49E8E5393}
	EndGlobalSection
EndGlobal
